// !$*UTF8*$!
{
	archiveVersion = 1;
	classes = {
	};
	objectVersion = 50;
	objects = {

/* Begin PBXBuildFile section */
		0F3AF33123E4FD6C00A60561 /* ctoken_encode.c in Sources */ = {isa = PBXBuildFile; fileRef = 0F3AF32D23E4FD6C00A60561 /* ctoken_encode.c */; };
		0F3AF33223E4FD6C00A60561 /* ctoken_decode.c in Sources */ = {isa = PBXBuildFile; fileRef = 0F3AF32E23E4FD6C00A60561 /* ctoken_decode.c */; };
		0F3AF34823E5008200A60561 /* run_tests.c in Sources */ = {isa = PBXBuildFile; fileRef = 0F3AF34423E5008100A60561 /* run_tests.c */; };
		0F3AF34C23E53BCF00A60561 /* ctoken_psaia_decode.c in Sources */ = {isa = PBXBuildFile; fileRef = 0F3AF34B23E53BCF00A60561 /* ctoken_psaia_decode.c */; };
		0F3AF35223E5463300A60561 /* ctoken_psaia_encode.c in Sources */ = {isa = PBXBuildFile; fileRef = 0F3AF35123E5463300A60561 /* ctoken_psaia_encode.c */; };
		0F3AF35523E5474700A60561 /* ctoken_eat_encode.c in Sources */ = {isa = PBXBuildFile; fileRef = 0F3AF35423E5474700A60561 /* ctoken_eat_encode.c */; };
		0F3AF36123E57DAC00A60561 /* ctoken_eat_decode.c in Sources */ = {isa = PBXBuildFile; fileRef = 0F3AF35F23E57DAC00A60561 /* ctoken_eat_decode.c */; };
		0F3AF36C23EE522A00A60561 /* libt_cose.a in Frameworks */ = {isa = PBXBuildFile; fileRef = 0F3AF36B23EE522A00A60561 /* libt_cose.a */; };
		0F3AF36E23EF5B6600A60561 /* libcrypto.a in Frameworks */ = {isa = PBXBuildFile; fileRef = 0F3AF36D23EF5B6600A60561 /* libcrypto.a */; };
		0F3AF37123EF5C4700A60561 /* cwt_test.c in Sources */ = {isa = PBXBuildFile; fileRef = 0F3AF37023EF5C4700A60561 /* cwt_test.c */; };
		0F3AF37A23F1BB5600A60561 /* ctoken_psaia_encode.c in Sources */ = {isa = PBXBuildFile; fileRef = 0F3AF35123E5463300A60561 /* ctoken_psaia_encode.c */; };
		0F3AF37F23F1BB5600A60561 /* ctoken_eat_encode.c in Sources */ = {isa = PBXBuildFile; fileRef = 0F3AF35423E5474700A60561 /* ctoken_eat_encode.c */; };
		0F3AF38023F1BB5600A60561 /* ctoken_eat_decode.c in Sources */ = {isa = PBXBuildFile; fileRef = 0F3AF35F23E57DAC00A60561 /* ctoken_eat_decode.c */; };
		0F3AF38123F1BB5600A60561 /* ctoken_psaia_decode.c in Sources */ = {isa = PBXBuildFile; fileRef = 0F3AF34B23E53BCF00A60561 /* ctoken_psaia_decode.c */; };
		0F3AF38223F1BB5600A60561 /* eat_example_ossl.c in Sources */ = {isa = PBXBuildFile; fileRef = 0F3AF37523F1BACE00A60561 /* eat_example_ossl.c */; };
		0F3AF38323F1BB5600A60561 /* ctoken_encode.c in Sources */ = {isa = PBXBuildFile; fileRef = 0F3AF32D23E4FD6C00A60561 /* ctoken_encode.c */; };
		0F3AF38523F1BB5600A60561 /* ctoken_decode.c in Sources */ = {isa = PBXBuildFile; fileRef = 0F3AF32E23E4FD6C00A60561 /* ctoken_decode.c */; };
		0F3AF38723F1BB5600A60561 /* libt_cose.a in Frameworks */ = {isa = PBXBuildFile; fileRef = 0F3AF36B23EE522A00A60561 /* libt_cose.a */; };
		0F3AF38923F1BB5600A60561 /* libcrypto.a in Frameworks */ = {isa = PBXBuildFile; fileRef = 0F3AF36D23EF5B6600A60561 /* libcrypto.a */; };
		0FBE2D8523F1BC7B00A31C46 /* main.c in Sources */ = {isa = PBXBuildFile; fileRef = 0F3AF33F23E5005900A60561 /* main.c */; };
		0FBE2D8823F5D9C800A31C46 /* eat_test.c in Sources */ = {isa = PBXBuildFile; fileRef = 0FBE2D8723F5D9C800A31C46 /* eat_test.c */; };
		0FBE2D8923F976BF00A31C46 /* psaia_test.c in Sources */ = {isa = PBXBuildFile; fileRef = 0F3AF34223E5008100A60561 /* psaia_test.c */; };
		0FBE2D8C23FA147600A31C46 /* ctoken_psaia_encode.c in Sources */ = {isa = PBXBuildFile; fileRef = 0F3AF35123E5463300A60561 /* ctoken_psaia_encode.c */; };
		0FBE2D8F23FA147600A31C46 /* ctoken_eat_encode.c in Sources */ = {isa = PBXBuildFile; fileRef = 0F3AF35423E5474700A60561 /* ctoken_eat_encode.c */; };
		0FBE2D9023FA147600A31C46 /* ctoken_eat_decode.c in Sources */ = {isa = PBXBuildFile; fileRef = 0F3AF35F23E57DAC00A60561 /* ctoken_eat_decode.c */; };
		0FBE2D9123FA147600A31C46 /* ctoken_psaia_decode.c in Sources */ = {isa = PBXBuildFile; fileRef = 0F3AF34B23E53BCF00A60561 /* ctoken_psaia_decode.c */; };
		0FBE2D9323FA147600A31C46 /* ctoken_encode.c in Sources */ = {isa = PBXBuildFile; fileRef = 0F3AF32D23E4FD6C00A60561 /* ctoken_encode.c */; };
		0FBE2D9523FA147600A31C46 /* ctoken_decode.c in Sources */ = {isa = PBXBuildFile; fileRef = 0F3AF32E23E4FD6C00A60561 /* ctoken_decode.c */; };
		0FBE2D9723FA147600A31C46 /* libt_cose.a in Frameworks */ = {isa = PBXBuildFile; fileRef = 0F3AF36B23EE522A00A60561 /* libt_cose.a */; };
		0FBE2DA123FA14A000A31C46 /* eat_example_psa.c in Sources */ = {isa = PBXBuildFile; fileRef = 0FBE2D9F23FA149200A31C46 /* eat_example_psa.c */; };
		0FBE2DA423FA17B200A31C46 /* libmbedcrypto.a in Frameworks */ = {isa = PBXBuildFile; fileRef = 0FBE2DA223FA17A700A31C46 /* libmbedcrypto.a */; };
		E76A6E5525662EDA00DEBB41 /* UsefulBuf.c in Sources */ = {isa = PBXBuildFile; fileRef = E76A6E4A25662EDA00DEBB41 /* UsefulBuf.c */; };
		E76A6E5925662EDA00DEBB41 /* qcbor_decode.c in Sources */ = {isa = PBXBuildFile; fileRef = E76A6E4E25662EDA00DEBB41 /* qcbor_decode.c */; };
		E76A6E5A25662EDA00DEBB41 /* qcbor_encode.c in Sources */ = {isa = PBXBuildFile; fileRef = E76A6E4F25662EDA00DEBB41 /* qcbor_encode.c */; };
		E76A6E5B25662EDA00DEBB41 /* ieee754.c in Sources */ = {isa = PBXBuildFile; fileRef = E76A6E5025662EDA00DEBB41 /* ieee754.c */; };
		E76A6E5D25662EDA00DEBB41 /* qcbor_err_to_str.c in Sources */ = {isa = PBXBuildFile; fileRef = E76A6E5325662EDA00DEBB41 /* qcbor_err_to_str.c */; };
/* End PBXBuildFile section */

/* Begin PBXCopyFilesBuildPhase section */
		0F3AF31723E4DB6100A60561 /* CopyFiles */ = {
			isa = PBXCopyFilesBuildPhase;
			buildActionMask = 2147483647;
			dstPath = /usr/share/man/man1/;
			dstSubfolderSpec = 0;
			files = (
			);
			runOnlyForDeploymentPostprocessing = 1;
		};
		0F3AF38A23F1BB5600A60561 /* CopyFiles */ = {
			isa = PBXCopyFilesBuildPhase;
			buildActionMask = 2147483647;
			dstPath = /usr/share/man/man1/;
			dstSubfolderSpec = 0;
			files = (
			);
			runOnlyForDeploymentPostprocessing = 1;
		};
		0FBE2D9A23FA147600A31C46 /* CopyFiles */ = {
			isa = PBXCopyFilesBuildPhase;
			buildActionMask = 2147483647;
			dstPath = /usr/share/man/man1/;
			dstSubfolderSpec = 0;
			files = (
			);
			runOnlyForDeploymentPostprocessing = 1;
		};
/* End PBXCopyFilesBuildPhase section */

/* Begin PBXFileReference section */
		0F3AF31923E4DB6100A60561 /* CToken */ = {isa = PBXFileReference; explicitFileType = "compiled.mach-o.executable"; includeInIndex = 0; path = CToken; sourceTree = BUILT_PRODUCTS_DIR; };
		0F3AF32D23E4FD6C00A60561 /* ctoken_encode.c */ = {isa = PBXFileReference; fileEncoding = 4; lastKnownFileType = sourcecode.c.c; name = ctoken_encode.c; path = src/ctoken_encode.c; sourceTree = SOURCE_ROOT; };
		0F3AF32E23E4FD6C00A60561 /* ctoken_decode.c */ = {isa = PBXFileReference; fileEncoding = 4; lastKnownFileType = sourcecode.c.c; name = ctoken_decode.c; path = src/ctoken_decode.c; sourceTree = SOURCE_ROOT; };
		0F3AF33523E4FD8D00A60561 /* ctoken_decode.h */ = {isa = PBXFileReference; fileEncoding = 4; lastKnownFileType = sourcecode.c.h; name = ctoken_decode.h; path = inc/ctoken_decode.h; sourceTree = "<group>"; };
		0F3AF33623E4FD8D00A60561 /* ctoken_encode.h */ = {isa = PBXFileReference; fileEncoding = 4; lastKnownFileType = sourcecode.c.h; name = ctoken_encode.h; path = inc/ctoken_encode.h; sourceTree = "<group>"; };
		0F3AF33723E4FE2800A60561 /* t_cose_sign1_verify.h */ = {isa = PBXFileReference; fileEncoding = 4; lastKnownFileType = sourcecode.c.h; name = t_cose_sign1_verify.h; path = ../../t_cose/master/inc/t_cose_sign1_verify.h; sourceTree = "<group>"; };
		0F3AF33823E4FE2800A60561 /* t_cose_common.h */ = {isa = PBXFileReference; fileEncoding = 4; lastKnownFileType = sourcecode.c.h; name = t_cose_common.h; path = ../../t_cose/master/inc/t_cose_common.h; sourceTree = "<group>"; };
		0F3AF33923E4FE2800A60561 /* t_cose_sign1_sign.h */ = {isa = PBXFileReference; fileEncoding = 4; lastKnownFileType = sourcecode.c.h; name = t_cose_sign1_sign.h; path = ../../t_cose/master/inc/t_cose_sign1_sign.h; sourceTree = "<group>"; };
		0F3AF33A23E4FE5E00A60561 /* ctoken.h */ = {isa = PBXFileReference; fileEncoding = 4; lastKnownFileType = sourcecode.c.h; name = ctoken.h; path = inc/ctoken.h; sourceTree = "<group>"; };
		0F3AF33F23E5005900A60561 /* main.c */ = {isa = PBXFileReference; fileEncoding = 4; lastKnownFileType = sourcecode.c.c; path = main.c; sourceTree = "<group>"; };
		0F3AF34223E5008100A60561 /* psaia_test.c */ = {isa = PBXFileReference; fileEncoding = 4; lastKnownFileType = sourcecode.c.c; name = psaia_test.c; path = test/psaia_test.c; sourceTree = "<group>"; };
		0F3AF34323E5008100A60561 /* psaia_test.h */ = {isa = PBXFileReference; fileEncoding = 4; lastKnownFileType = sourcecode.c.h; name = psaia_test.h; path = test/psaia_test.h; sourceTree = "<group>"; };
		0F3AF34423E5008100A60561 /* run_tests.c */ = {isa = PBXFileReference; fileEncoding = 4; lastKnownFileType = sourcecode.c.c; name = run_tests.c; path = test/run_tests.c; sourceTree = "<group>"; };
		0F3AF34523E5008100A60561 /* run_tests.h */ = {isa = PBXFileReference; fileEncoding = 4; lastKnownFileType = sourcecode.c.h; name = run_tests.h; path = test/run_tests.h; sourceTree = "<group>"; };
		0F3AF34623E5008100A60561 /* attest_token_test_values.h */ = {isa = PBXFileReference; fileEncoding = 4; lastKnownFileType = sourcecode.c.h; name = attest_token_test_values.h; path = test/attest_token_test_values.h; sourceTree = "<group>"; };
		0F3AF34923E5039300A60561 /* q_useful_buf.h */ = {isa = PBXFileReference; fileEncoding = 4; lastKnownFileType = sourcecode.c.h; name = q_useful_buf.h; path = ../../t_cose/master/inc/q_useful_buf.h; sourceTree = "<group>"; };
		0F3AF34B23E53BCF00A60561 /* ctoken_psaia_decode.c */ = {isa = PBXFileReference; lastKnownFileType = sourcecode.c.c; name = ctoken_psaia_decode.c; path = src/ctoken_psaia_decode.c; sourceTree = SOURCE_ROOT; };
		0F3AF35123E5463300A60561 /* ctoken_psaia_encode.c */ = {isa = PBXFileReference; lastKnownFileType = sourcecode.c.c; name = ctoken_psaia_encode.c; path = src/ctoken_psaia_encode.c; sourceTree = SOURCE_ROOT; };
		0F3AF35423E5474700A60561 /* ctoken_eat_encode.c */ = {isa = PBXFileReference; lastKnownFileType = sourcecode.c.c; name = ctoken_eat_encode.c; path = src/ctoken_eat_encode.c; sourceTree = SOURCE_ROOT; };
		0F3AF35923E57C8900A60561 /* ctoken_cwt_labels.h */ = {isa = PBXFileReference; lastKnownFileType = sourcecode.c.h; name = ctoken_cwt_labels.h; path = inc/ctoken_cwt_labels.h; sourceTree = "<group>"; };
		0F3AF35A23E57D5A00A60561 /* ctoken_psaia_decode.h */ = {isa = PBXFileReference; fileEncoding = 4; lastKnownFileType = sourcecode.c.h; name = ctoken_psaia_decode.h; path = inc/ctoken_psaia_decode.h; sourceTree = "<group>"; };
		0F3AF35B23E57D5A00A60561 /* ctoken_psaia_encode.h */ = {isa = PBXFileReference; fileEncoding = 4; lastKnownFileType = sourcecode.c.h; name = ctoken_psaia_encode.h; path = inc/ctoken_psaia_encode.h; sourceTree = "<group>"; };
		0F3AF35C23E57D5A00A60561 /* ctoken_eat_encode.h */ = {isa = PBXFileReference; fileEncoding = 4; lastKnownFileType = sourcecode.c.h; name = ctoken_eat_encode.h; path = inc/ctoken_eat_encode.h; sourceTree = "<group>"; };
		0F3AF35D23E57D5B00A60561 /* ctoken_eat_decode.h */ = {isa = PBXFileReference; fileEncoding = 4; lastKnownFileType = sourcecode.c.h; name = ctoken_eat_decode.h; path = inc/ctoken_eat_decode.h; sourceTree = "<group>"; };
		0F3AF35F23E57DAC00A60561 /* ctoken_eat_decode.c */ = {isa = PBXFileReference; fileEncoding = 4; lastKnownFileType = sourcecode.c.c; name = ctoken_eat_decode.c; path = src/ctoken_eat_decode.c; sourceTree = SOURCE_ROOT; };
		0F3AF36623E585C000A60561 /* ctoken_eat_labels.h */ = {isa = PBXFileReference; lastKnownFileType = sourcecode.c.h; name = ctoken_eat_labels.h; path = inc/ctoken_eat_labels.h; sourceTree = "<group>"; };
		0F3AF36723E83B0200A60561 /* ctoken_psaia_labels.h */ = {isa = PBXFileReference; lastKnownFileType = sourcecode.c.h; name = ctoken_psaia_labels.h; path = inc/ctoken_psaia_labels.h; sourceTree = "<group>"; };
		0F3AF36B23EE522A00A60561 /* libt_cose.a */ = {isa = PBXFileReference; lastKnownFileType = archive.ar; name = libt_cose.a; path = ../../t_cose/master/libt_cose.a; sourceTree = "<group>"; };
		0F3AF36D23EF5B6600A60561 /* libcrypto.a */ = {isa = PBXFileReference; lastKnownFileType = archive.ar; name = libcrypto.a; path = "../../openssl/openssl-1.1.1b/libcrypto.a"; sourceTree = "<group>"; };
		0F3AF36F23EF5C4700A60561 /* cwt_test.h */ = {isa = PBXFileReference; lastKnownFileType = sourcecode.c.h; name = cwt_test.h; path = test/cwt_test.h; sourceTree = "<group>"; };
		0F3AF37023EF5C4700A60561 /* cwt_test.c */ = {isa = PBXFileReference; lastKnownFileType = sourcecode.c.c; name = cwt_test.c; path = test/cwt_test.c; sourceTree = "<group>"; };
		0F3AF37323F0567A00A60561 /* README.md */ = {isa = PBXFileReference; fileEncoding = 4; lastKnownFileType = net.daringfireball.markdown; path = README.md; sourceTree = "<group>"; };
		0F3AF37523F1BACE00A60561 /* eat_example_ossl.c */ = {isa = PBXFileReference; lastKnownFileType = sourcecode.c.c; path = eat_example_ossl.c; sourceTree = "<group>"; };
		0F3AF38E23F1BB5600A60561 /* OSSL Example */ = {isa = PBXFileReference; explicitFileType = "compiled.mach-o.executable"; includeInIndex = 0; path = "OSSL Example"; sourceTree = BUILT_PRODUCTS_DIR; };
		0FBE2D8623F5D9C800A31C46 /* eat_test.h */ = {isa = PBXFileReference; lastKnownFileType = sourcecode.c.h; name = eat_test.h; path = test/eat_test.h; sourceTree = "<group>"; };
		0FBE2D8723F5D9C800A31C46 /* eat_test.c */ = {isa = PBXFileReference; lastKnownFileType = sourcecode.c.c; name = eat_test.c; path = test/eat_test.c; sourceTree = "<group>"; };
		0FBE2D9E23FA147600A31C46 /* PSA Example */ = {isa = PBXFileReference; explicitFileType = "compiled.mach-o.executable"; includeInIndex = 0; path = "PSA Example"; sourceTree = BUILT_PRODUCTS_DIR; };
		0FBE2D9F23FA149200A31C46 /* eat_example_psa.c */ = {isa = PBXFileReference; fileEncoding = 4; lastKnownFileType = sourcecode.c.c; path = eat_example_psa.c; sourceTree = "<group>"; };
		0FBE2DA223FA17A700A31C46 /* libmbedcrypto.a */ = {isa = PBXFileReference; lastKnownFileType = archive.ar; name = libmbedcrypto.a; path = "../../mbed-crypto/library/libmbedcrypto.a"; sourceTree = "<group>"; };
		E76A6E4825662EAF00DEBB41 /* qcbor */ = {isa = PBXFileReference; lastKnownFileType = folder; name = qcbor; path = ../../QCBOR/master/inc/qcbor; sourceTree = "<group>"; };
		E76A6E4A25662EDA00DEBB41 /* UsefulBuf.c */ = {isa = PBXFileReference; fileEncoding = 4; lastKnownFileType = sourcecode.c.c; name = UsefulBuf.c; path = ../../QCBOR/master/src/UsefulBuf.c; sourceTree = "<group>"; };
		E76A6E4E25662EDA00DEBB41 /* qcbor_decode.c */ = {isa = PBXFileReference; fileEncoding = 4; lastKnownFileType = sourcecode.c.c; name = qcbor_decode.c; path = ../../QCBOR/master/src/qcbor_decode.c; sourceTree = "<group>"; };
		E76A6E4F25662EDA00DEBB41 /* qcbor_encode.c */ = {isa = PBXFileReference; fileEncoding = 4; lastKnownFileType = sourcecode.c.c; name = qcbor_encode.c; path = ../../QCBOR/master/src/qcbor_encode.c; sourceTree = "<group>"; };
		E76A6E5025662EDA00DEBB41 /* ieee754.c */ = {isa = PBXFileReference; fileEncoding = 4; lastKnownFileType = sourcecode.c.c; name = ieee754.c; path = ../../QCBOR/master/src/ieee754.c; sourceTree = "<group>"; };
		E76A6E5125662EDA00DEBB41 /* ieee754.h */ = {isa = PBXFileReference; fileEncoding = 4; lastKnownFileType = sourcecode.c.h; name = ieee754.h; path = ../../QCBOR/master/src/ieee754.h; sourceTree = "<group>"; };
		E76A6E5325662EDA00DEBB41 /* qcbor_err_to_str.c */ = {isa = PBXFileReference; fileEncoding = 4; lastKnownFileType = sourcecode.c.c; name = qcbor_err_to_str.c; path = ../../QCBOR/master/src/qcbor_err_to_str.c; sourceTree = "<group>"; };
/* End PBXFileReference section */

/* Begin PBXFrameworksBuildPhase section */
		0F3AF31623E4DB6100A60561 /* Frameworks */ = {
			isa = PBXFrameworksBuildPhase;
			buildActionMask = 2147483647;
			files = (
				0F3AF36C23EE522A00A60561 /* libt_cose.a in Frameworks */,
				0F3AF36E23EF5B6600A60561 /* libcrypto.a in Frameworks */,
			);
			runOnlyForDeploymentPostprocessing = 0;
		};
		0F3AF38623F1BB5600A60561 /* Frameworks */ = {
			isa = PBXFrameworksBuildPhase;
			buildActionMask = 2147483647;
			files = (
				0F3AF38723F1BB5600A60561 /* libt_cose.a in Frameworks */,
				0F3AF38923F1BB5600A60561 /* libcrypto.a in Frameworks */,
			);
			runOnlyForDeploymentPostprocessing = 0;
		};
		0FBE2D9623FA147600A31C46 /* Frameworks */ = {
			isa = PBXFrameworksBuildPhase;
			buildActionMask = 2147483647;
			files = (
				0FBE2D9723FA147600A31C46 /* libt_cose.a in Frameworks */,
				0FBE2DA423FA17B200A31C46 /* libmbedcrypto.a in Frameworks */,
			);
			runOnlyForDeploymentPostprocessing = 0;
		};
/* End PBXFrameworksBuildPhase section */

/* Begin PBXGroup section */
		0F3AF31023E4DB6100A60561 = {
			isa = PBXGroup;
			children = (
				0F3AF37423F1B9FF00A60561 /* examples */,
				0F3AF37323F0567A00A60561 /* README.md */,
				0F3AF33F23E5005900A60561 /* main.c */,
				0F3AF33423E4FD7D00A60561 /* inc */,
				0F3AF32C23E4FD4C00A60561 /* src */,
				0F3AF34123E5006300A60561 /* test */,
				0F3AF32323E4E86A00A60561 /* t_cose */,
				0F3AF33B23E4FF7C00A60561 /* QBOR */,
				0F3AF36823EE513100A60561 /* Frameworks */,
				0F3AF31A23E4DB6100A60561 /* Products */,
			);
			sourceTree = "<group>";
		};
		0F3AF31A23E4DB6100A60561 /* Products */ = {
			isa = PBXGroup;
			children = (
				0F3AF31923E4DB6100A60561 /* CToken */,
				0F3AF38E23F1BB5600A60561 /* OSSL Example */,
				0FBE2D9E23FA147600A31C46 /* PSA Example */,
			);
			name = Products;
			sourceTree = "<group>";
		};
		0F3AF32323E4E86A00A60561 /* t_cose */ = {
			isa = PBXGroup;
			children = (
				0F3AF32423E4E8B500A60561 /* inc */,
			);
			name = t_cose;
			sourceTree = "<group>";
		};
		0F3AF32423E4E8B500A60561 /* inc */ = {
			isa = PBXGroup;
			children = (
				0F3AF34923E5039300A60561 /* q_useful_buf.h */,
				0F3AF33823E4FE2800A60561 /* t_cose_common.h */,
				0F3AF33923E4FE2800A60561 /* t_cose_sign1_sign.h */,
				0F3AF33723E4FE2800A60561 /* t_cose_sign1_verify.h */,
			);
			name = inc;
			sourceTree = "<group>";
		};
		0F3AF32C23E4FD4C00A60561 /* src */ = {
			isa = PBXGroup;
			children = (
				0F3AF32D23E4FD6C00A60561 /* ctoken_encode.c */,
				0F3AF32E23E4FD6C00A60561 /* ctoken_decode.c */,
				0F3AF35423E5474700A60561 /* ctoken_eat_encode.c */,
				0F3AF35F23E57DAC00A60561 /* ctoken_eat_decode.c */,
				0F3AF35123E5463300A60561 /* ctoken_psaia_encode.c */,
				0F3AF34B23E53BCF00A60561 /* ctoken_psaia_decode.c */,
			);
			name = src;
			path = "New Group";
			sourceTree = "<group>";
		};
		0F3AF33423E4FD7D00A60561 /* inc */ = {
			isa = PBXGroup;
			children = (
				0F3AF33A23E4FE5E00A60561 /* ctoken.h */,
				0F3AF33623E4FD8D00A60561 /* ctoken_encode.h */,
				0F3AF33523E4FD8D00A60561 /* ctoken_decode.h */,
				0F3AF35923E57C8900A60561 /* ctoken_cwt_labels.h */,
				0F3AF36623E585C000A60561 /* ctoken_eat_labels.h */,
				0F3AF35C23E57D5A00A60561 /* ctoken_eat_encode.h */,
				0F3AF35D23E57D5B00A60561 /* ctoken_eat_decode.h */,
				0F3AF36723E83B0200A60561 /* ctoken_psaia_labels.h */,
				0F3AF35A23E57D5A00A60561 /* ctoken_psaia_decode.h */,
				0F3AF35B23E57D5A00A60561 /* ctoken_psaia_encode.h */,
			);
			name = inc;
			sourceTree = "<group>";
		};
		0F3AF33B23E4FF7C00A60561 /* QBOR */ = {
			isa = PBXGroup;
			children = (
				E76A6E4925662EB600DEBB41 /* src */,
				0F3AF33C23E4FF8700A60561 /* inc */,
			);
			name = QBOR;
			sourceTree = "<group>";
		};
		0F3AF33C23E4FF8700A60561 /* inc */ = {
			isa = PBXGroup;
			children = (
				E76A6E4825662EAF00DEBB41 /* qcbor */,
			);
			name = inc;
			sourceTree = "<group>";
		};
		0F3AF34123E5006300A60561 /* test */ = {
			isa = PBXGroup;
			children = (
				0F3AF34423E5008100A60561 /* run_tests.c */,
				0F3AF34523E5008100A60561 /* run_tests.h */,
				0F3AF34623E5008100A60561 /* attest_token_test_values.h */,
				0F3AF34223E5008100A60561 /* psaia_test.c */,
				0F3AF34323E5008100A60561 /* psaia_test.h */,
				0F3AF36F23EF5C4700A60561 /* cwt_test.h */,
				0F3AF37023EF5C4700A60561 /* cwt_test.c */,
				0FBE2D8623F5D9C800A31C46 /* eat_test.h */,
				0FBE2D8723F5D9C800A31C46 /* eat_test.c */,
			);
			name = test;
			sourceTree = "<group>";
		};
		0F3AF36823EE513100A60561 /* Frameworks */ = {
			isa = PBXGroup;
			children = (
				0FBE2DA223FA17A700A31C46 /* libmbedcrypto.a */,
				0F3AF36D23EF5B6600A60561 /* libcrypto.a */,
				0F3AF36B23EE522A00A60561 /* libt_cose.a */,
			);
			name = Frameworks;
			sourceTree = "<group>";
		};
		0F3AF37423F1B9FF00A60561 /* examples */ = {
			isa = PBXGroup;
			children = (
				0FBE2D9F23FA149200A31C46 /* eat_example_psa.c */,
				0F3AF37523F1BACE00A60561 /* eat_example_ossl.c */,
			);
			path = examples;
			sourceTree = "<group>";
		};
		E76A6E4925662EB600DEBB41 /* src */ = {
			isa = PBXGroup;
			children = (
				E76A6E5025662EDA00DEBB41 /* ieee754.c */,
				E76A6E5125662EDA00DEBB41 /* ieee754.h */,
				E76A6E4E25662EDA00DEBB41 /* qcbor_decode.c */,
				E76A6E4F25662EDA00DEBB41 /* qcbor_encode.c */,
				E76A6E5325662EDA00DEBB41 /* qcbor_err_to_str.c */,
				E76A6E4A25662EDA00DEBB41 /* UsefulBuf.c */,
			);
			name = src;
			sourceTree = "<group>";
		};
/* End PBXGroup section */

/* Begin PBXNativeTarget section */
		0F3AF31823E4DB6100A60561 /* CToken */ = {
			isa = PBXNativeTarget;
			buildConfigurationList = 0F3AF32023E4DB6100A60561 /* Build configuration list for PBXNativeTarget "CToken" */;
			buildPhases = (
				0F3AF31523E4DB6100A60561 /* Sources */,
				0F3AF31623E4DB6100A60561 /* Frameworks */,
				0F3AF31723E4DB6100A60561 /* CopyFiles */,
			);
			buildRules = (
			);
			dependencies = (
			);
			name = CToken;
			productName = CToken;
			productReference = 0F3AF31923E4DB6100A60561 /* CToken */;
			productType = "com.apple.product-type.tool";
		};
		0F3AF37723F1BB5600A60561 /* OSSL Example */ = {
			isa = PBXNativeTarget;
			buildConfigurationList = 0F3AF38B23F1BB5600A60561 /* Build configuration list for PBXNativeTarget "OSSL Example" */;
			buildPhases = (
				0F3AF37823F1BB5600A60561 /* Sources */,
				0F3AF38623F1BB5600A60561 /* Frameworks */,
				0F3AF38A23F1BB5600A60561 /* CopyFiles */,
			);
			buildRules = (
			);
			dependencies = (
			);
			name = "OSSL Example";
			productName = CToken;
			productReference = 0F3AF38E23F1BB5600A60561 /* OSSL Example */;
			productType = "com.apple.product-type.tool";
		};
		0FBE2D8A23FA147600A31C46 /* PSA Example */ = {
			isa = PBXNativeTarget;
			buildConfigurationList = 0FBE2D9B23FA147600A31C46 /* Build configuration list for PBXNativeTarget "PSA Example" */;
			buildPhases = (
				0FBE2D8B23FA147600A31C46 /* Sources */,
				0FBE2D9623FA147600A31C46 /* Frameworks */,
				0FBE2D9A23FA147600A31C46 /* CopyFiles */,
			);
			buildRules = (
			);
			dependencies = (
			);
			name = "PSA Example";
			productName = CToken;
			productReference = 0FBE2D9E23FA147600A31C46 /* PSA Example */;
			productType = "com.apple.product-type.tool";
		};
/* End PBXNativeTarget section */

/* Begin PBXProject section */
		0F3AF31123E4DB6100A60561 /* Project object */ = {
			isa = PBXProject;
			attributes = {
				LastUpgradeCheck = 1150;
				ORGANIZATIONNAME = "Laurence Lundblade";
				TargetAttributes = {
					0F3AF31823E4DB6100A60561 = {
						CreatedOnToolsVersion = 9.4.1;
					};
				};
			};
			buildConfigurationList = 0F3AF31423E4DB6100A60561 /* Build configuration list for PBXProject "CToken" */;
			compatibilityVersion = "Xcode 9.3";
			developmentRegion = en;
			hasScannedForEncodings = 0;
			knownRegions = (
				en,
				Base,
			);
			mainGroup = 0F3AF31023E4DB6100A60561;
			productRefGroup = 0F3AF31A23E4DB6100A60561 /* Products */;
			projectDirPath = "";
			projectRoot = "";
			targets = (
				0F3AF31823E4DB6100A60561 /* CToken */,
				0F3AF37723F1BB5600A60561 /* OSSL Example */,
				0FBE2D8A23FA147600A31C46 /* PSA Example */,
			);
		};
/* End PBXProject section */

/* Begin PBXSourcesBuildPhase section */
		0F3AF31523E4DB6100A60561 /* Sources */ = {
			isa = PBXSourcesBuildPhase;
			buildActionMask = 2147483647;
			files = (
				0F3AF37123EF5C4700A60561 /* cwt_test.c in Sources */,
				E76A6E5925662EDA00DEBB41 /* qcbor_decode.c in Sources */,
				0F3AF35223E5463300A60561 /* ctoken_psaia_encode.c in Sources */,
				E76A6E5A25662EDA00DEBB41 /* qcbor_encode.c in Sources */,
				E76A6E5B25662EDA00DEBB41 /* ieee754.c in Sources */,
				E76A6E5D25662EDA00DEBB41 /* qcbor_err_to_str.c in Sources */,
				0F3AF34823E5008200A60561 /* run_tests.c in Sources */,
				0F3AF35523E5474700A60561 /* ctoken_eat_encode.c in Sources */,
				0FBE2D8923F976BF00A31C46 /* psaia_test.c in Sources */,
				E76A6E5525662EDA00DEBB41 /* UsefulBuf.c in Sources */,
				0F3AF36123E57DAC00A60561 /* ctoken_eat_decode.c in Sources */,
				0F3AF34C23E53BCF00A60561 /* ctoken_psaia_decode.c in Sources */,
				0FBE2D8823F5D9C800A31C46 /* eat_test.c in Sources */,
				0FBE2D8523F1BC7B00A31C46 /* main.c in Sources */,
				0F3AF33123E4FD6C00A60561 /* ctoken_encode.c in Sources */,
				0F3AF33223E4FD6C00A60561 /* ctoken_decode.c in Sources */,
			);
			runOnlyForDeploymentPostprocessing = 0;
		};
		0F3AF37823F1BB5600A60561 /* Sources */ = {
			isa = PBXSourcesBuildPhase;
			buildActionMask = 2147483647;
			files = (
				0F3AF37A23F1BB5600A60561 /* ctoken_psaia_encode.c in Sources */,
				0F3AF37F23F1BB5600A60561 /* ctoken_eat_encode.c in Sources */,
				0F3AF38023F1BB5600A60561 /* ctoken_eat_decode.c in Sources */,
				0F3AF38123F1BB5600A60561 /* ctoken_psaia_decode.c in Sources */,
				0F3AF38223F1BB5600A60561 /* eat_example_ossl.c in Sources */,
				0F3AF38323F1BB5600A60561 /* ctoken_encode.c in Sources */,
				0F3AF38523F1BB5600A60561 /* ctoken_decode.c in Sources */,
			);
			runOnlyForDeploymentPostprocessing = 0;
		};
		0FBE2D8B23FA147600A31C46 /* Sources */ = {
			isa = PBXSourcesBuildPhase;
			buildActionMask = 2147483647;
			files = (
				0FBE2DA123FA14A000A31C46 /* eat_example_psa.c in Sources */,
				0FBE2D8C23FA147600A31C46 /* ctoken_psaia_encode.c in Sources */,
				0FBE2D8F23FA147600A31C46 /* ctoken_eat_encode.c in Sources */,
				0FBE2D9023FA147600A31C46 /* ctoken_eat_decode.c in Sources */,
				0FBE2D9123FA147600A31C46 /* ctoken_psaia_decode.c in Sources */,
				0FBE2D9323FA147600A31C46 /* ctoken_encode.c in Sources */,
				0FBE2D9523FA147600A31C46 /* ctoken_decode.c in Sources */,
			);
			runOnlyForDeploymentPostprocessing = 0;
		};
/* End PBXSourcesBuildPhase section */

/* Begin XCBuildConfiguration section */
		0F3AF31E23E4DB6100A60561 /* Debug */ = {
			isa = XCBuildConfiguration;
			buildSettings = {
				ALWAYS_SEARCH_USER_PATHS = NO;
				CLANG_ANALYZER_NONNULL = YES;
				CLANG_ANALYZER_NUMBER_OBJECT_CONVERSION = YES_AGGRESSIVE;
				CLANG_CXX_LANGUAGE_STANDARD = "gnu++14";
				CLANG_CXX_LIBRARY = "libc++";
				CLANG_ENABLE_MODULES = YES;
				CLANG_ENABLE_OBJC_ARC = YES;
				CLANG_ENABLE_OBJC_WEAK = YES;
				CLANG_WARN_BLOCK_CAPTURE_AUTORELEASING = YES;
				CLANG_WARN_BOOL_CONVERSION = YES;
				CLANG_WARN_COMMA = YES;
				CLANG_WARN_CONSTANT_CONVERSION = YES;
				CLANG_WARN_DEPRECATED_OBJC_IMPLEMENTATIONS = YES;
				CLANG_WARN_DIRECT_OBJC_ISA_USAGE = YES_ERROR;
				CLANG_WARN_DOCUMENTATION_COMMENTS = YES;
				CLANG_WARN_EMPTY_BODY = YES;
				CLANG_WARN_ENUM_CONVERSION = YES;
				CLANG_WARN_INFINITE_RECURSION = YES;
				CLANG_WARN_INT_CONVERSION = YES;
				CLANG_WARN_NON_LITERAL_NULL_CONVERSION = YES;
				CLANG_WARN_OBJC_IMPLICIT_RETAIN_SELF = YES;
				CLANG_WARN_OBJC_LITERAL_CONVERSION = YES;
				CLANG_WARN_OBJC_ROOT_CLASS = YES_ERROR;
				CLANG_WARN_RANGE_LOOP_ANALYSIS = YES;
				CLANG_WARN_STRICT_PROTOTYPES = YES;
				CLANG_WARN_SUSPICIOUS_MOVE = YES;
				CLANG_WARN_UNGUARDED_AVAILABILITY = YES_AGGRESSIVE;
				CLANG_WARN_UNREACHABLE_CODE = YES;
				CLANG_WARN__DUPLICATE_METHOD_MATCH = YES;
				CODE_SIGN_IDENTITY = "-";
				COPY_PHASE_STRIP = NO;
				DEBUG_INFORMATION_FORMAT = dwarf;
				ENABLE_STRICT_OBJC_MSGSEND = YES;
				ENABLE_TESTABILITY = YES;
				GCC_C_LANGUAGE_STANDARD = gnu11;
				GCC_DYNAMIC_NO_PIC = NO;
				GCC_NO_COMMON_BLOCKS = YES;
				GCC_OPTIMIZATION_LEVEL = 0;
				GCC_PREPROCESSOR_DEFINITIONS = (
					"DEBUG=1",
					"$(inherited)",
				);
				GCC_WARN_64_TO_32_BIT_CONVERSION = YES;
				GCC_WARN_ABOUT_RETURN_TYPE = YES_ERROR;
				GCC_WARN_UNDECLARED_SELECTOR = YES;
				GCC_WARN_UNINITIALIZED_AUTOS = YES_AGGRESSIVE;
				GCC_WARN_UNUSED_FUNCTION = YES;
				GCC_WARN_UNUSED_VARIABLE = YES;
				HEADER_SEARCH_PATHS = (
					../../QCBOR/master/inc,
					../../t_cose/SpiffyDecode/inc,
					/usr/local/include,
				);
				"LIBRARY_SEARCH_PATHS[arch=*]" = (
					../../t_cose/SpiffyDecode,
					"../../openssl/openssl-1.1.1b",
					/usr/local/lib,
				);
				MACOSX_DEPLOYMENT_TARGET = 10.13;
				MTL_ENABLE_DEBUG_INFO = YES;
				ONLY_ACTIVE_ARCH = YES;
				SDKROOT = macosx;
			};
			name = Debug;
		};
		0F3AF31F23E4DB6100A60561 /* Release */ = {
			isa = XCBuildConfiguration;
			buildSettings = {
				ALWAYS_SEARCH_USER_PATHS = NO;
				CLANG_ANALYZER_NONNULL = YES;
				CLANG_ANALYZER_NUMBER_OBJECT_CONVERSION = YES_AGGRESSIVE;
				CLANG_CXX_LANGUAGE_STANDARD = "gnu++14";
				CLANG_CXX_LIBRARY = "libc++";
				CLANG_ENABLE_MODULES = YES;
				CLANG_ENABLE_OBJC_ARC = YES;
				CLANG_ENABLE_OBJC_WEAK = YES;
				CLANG_WARN_BLOCK_CAPTURE_AUTORELEASING = YES;
				CLANG_WARN_BOOL_CONVERSION = YES;
				CLANG_WARN_COMMA = YES;
				CLANG_WARN_CONSTANT_CONVERSION = YES;
				CLANG_WARN_DEPRECATED_OBJC_IMPLEMENTATIONS = YES;
				CLANG_WARN_DIRECT_OBJC_ISA_USAGE = YES_ERROR;
				CLANG_WARN_DOCUMENTATION_COMMENTS = YES;
				CLANG_WARN_EMPTY_BODY = YES;
				CLANG_WARN_ENUM_CONVERSION = YES;
				CLANG_WARN_INFINITE_RECURSION = YES;
				CLANG_WARN_INT_CONVERSION = YES;
				CLANG_WARN_NON_LITERAL_NULL_CONVERSION = YES;
				CLANG_WARN_OBJC_IMPLICIT_RETAIN_SELF = YES;
				CLANG_WARN_OBJC_LITERAL_CONVERSION = YES;
				CLANG_WARN_OBJC_ROOT_CLASS = YES_ERROR;
				CLANG_WARN_RANGE_LOOP_ANALYSIS = YES;
				CLANG_WARN_STRICT_PROTOTYPES = YES;
				CLANG_WARN_SUSPICIOUS_MOVE = YES;
				CLANG_WARN_UNGUARDED_AVAILABILITY = YES_AGGRESSIVE;
				CLANG_WARN_UNREACHABLE_CODE = YES;
				CLANG_WARN__DUPLICATE_METHOD_MATCH = YES;
				CODE_SIGN_IDENTITY = "-";
				COPY_PHASE_STRIP = NO;
				DEBUG_INFORMATION_FORMAT = "dwarf-with-dsym";
				ENABLE_NS_ASSERTIONS = NO;
				ENABLE_STRICT_OBJC_MSGSEND = YES;
				GCC_C_LANGUAGE_STANDARD = gnu11;
				GCC_NO_COMMON_BLOCKS = YES;
				GCC_WARN_64_TO_32_BIT_CONVERSION = YES;
				GCC_WARN_ABOUT_RETURN_TYPE = YES_ERROR;
				GCC_WARN_UNDECLARED_SELECTOR = YES;
				GCC_WARN_UNINITIALIZED_AUTOS = YES_AGGRESSIVE;
				GCC_WARN_UNUSED_FUNCTION = YES;
				GCC_WARN_UNUSED_VARIABLE = YES;
				HEADER_SEARCH_PATHS = (
					../../QCBOR/master/inc,
					../../t_cose/SpiffyDecode/inc,
					/usr/local/include,
				);
				MACOSX_DEPLOYMENT_TARGET = 10.13;
				MTL_ENABLE_DEBUG_INFO = NO;
				SDKROOT = macosx;
			};
			name = Release;
		};
		0F3AF32123E4DB6100A60561 /* Debug */ = {
			isa = XCBuildConfiguration;
			buildSettings = {
				CODE_SIGN_STYLE = Automatic;
				PRODUCT_NAME = "$(TARGET_NAME)";
			};
			name = Debug;
		};
		0F3AF32223E4DB6100A60561 /* Release */ = {
			isa = XCBuildConfiguration;
			buildSettings = {
				CODE_SIGN_STYLE = Automatic;
				PRODUCT_NAME = "$(TARGET_NAME)";
			};
			name = Release;
		};
		0F3AF38C23F1BB5600A60561 /* Debug */ = {
			isa = XCBuildConfiguration;
			buildSettings = {
				CODE_SIGN_STYLE = Automatic;
				"HEADER_SEARCH_PATHS[arch=*]" = "/Users/laurencelundblade/Code/openssl/openssl-1.1.1b/include";
				PRODUCT_NAME = "$(TARGET_NAME)";
			};
			name = Debug;
		};
		0F3AF38D23F1BB5600A60561 /* Release */ = {
			isa = XCBuildConfiguration;
			buildSettings = {
				CODE_SIGN_STYLE = Automatic;
				PRODUCT_NAME = "$(TARGET_NAME)";
			};
			name = Release;
		};
		0FBE2D9C23FA147600A31C46 /* Debug */ = {
			isa = XCBuildConfiguration;
			buildSettings = {
				CODE_SIGN_STYLE = Automatic;
				"HEADER_SEARCH_PATHS[arch=*]" = "/Users/laurencelundblade/Code/mbed-crypto/include";
				"LIBRARY_SEARCH_PATHS[arch=*]" = (
					/Users/laurencelundblade/Code/t_cose/master,
					/Users/laurencelundblade/Code/QCBOR/master,
					"/Users/laurencelundblade/Code/mbed-crypto/library",
				);
				PRODUCT_NAME = "$(TARGET_NAME)";
			};
			name = Debug;
		};
		0FBE2D9D23FA147600A31C46 /* Release */ = {
			isa = XCBuildConfiguration;
			buildSettings = {
				CODE_SIGN_STYLE = Automatic;
				PRODUCT_NAME = "$(TARGET_NAME)";
			};
			name = Release;
		};
/* End XCBuildConfiguration section */

/* Begin XCConfigurationList section */
		0F3AF31423E4DB6100A60561 /* Build configuration list for PBXProject "CToken" */ = {
			isa = XCConfigurationList;
			buildConfigurations = (
				0F3AF31E23E4DB6100A60561 /* Debug */,
				0F3AF31F23E4DB6100A60561 /* Release */,
			);
			defaultConfigurationIsVisible = 0;
			defaultConfigurationName = Release;
		};
		0F3AF32023E4DB6100A60561 /* Build configuration list for PBXNativeTarget "CToken" */ = {
			isa = XCConfigurationList;
			buildConfigurations = (
				0F3AF32123E4DB6100A60561 /* Debug */,
				0F3AF32223E4DB6100A60561 /* Release */,
			);
			defaultConfigurationIsVisible = 0;
			defaultConfigurationName = Release;
		};
		0F3AF38B23F1BB5600A60561 /* Build configuration list for PBXNativeTarget "OSSL Example" */ = {
			isa = XCConfigurationList;
			buildConfigurations = (
				0F3AF38C23F1BB5600A60561 /* Debug */,
				0F3AF38D23F1BB5600A60561 /* Release */,
			);
			defaultConfigurationIsVisible = 0;
			defaultConfigurationName = Release;
		};
		0FBE2D9B23FA147600A31C46 /* Build configuration list for PBXNativeTarget "PSA Example" */ = {
			isa = XCConfigurationList;
			buildConfigurations = (
				0FBE2D9C23FA147600A31C46 /* Debug */,
				0FBE2D9D23FA147600A31C46 /* Release */,
			);
			defaultConfigurationIsVisible = 0;
			defaultConfigurationName = Release;
		};
/* End XCConfigurationList section */
	};
	rootObject = 0F3AF31123E4DB6100A60561 /* Project object */;
}
